lockfileVersion: '6.0'

settings:
  autoInstallPeers: true
  excludeLinksFromLockfile: false

dependencies:
  '@total-typescript/ts-reset':
    specifier: ^0.5.1
    version: 0.5.1
  '@types/node':
    specifier: ^20.7.0
    version: 20.7.0

packages:

  /@total-typescript/ts-reset@0.5.1:
    resolution: {integrity: sha512-AqlrT8YA1o7Ff5wPfMOL0pvL+1X+sw60NN6CcOCqs658emD6RfiXhF7Gu9QcfKBH7ELY2nInLhKSCWVoNL70MQ==}
    dev: false

  /@types/node@20.7.0:
    resolution: {integrity: sha512-zI22/pJW2wUZOVyguFaUL1HABdmSVxpXrzIqkjsHmyUjNhPoWM1CKfvVuXfetHhIok4RY573cqS0mZ1SJEnoTg==}
    dev: false
